
Microsoft Visual Studio Solution File, Format Version 12.00
Project("{FAE04EC0-301F-11D3-BF4B-00C04F79EFBC}") = "ComponentDemo", "ComponentDemo\ComponentDemo.csproj", "{18D5B69C-A404-48E7-AE48-F331149FA339}"
EndProject
Global
	GlobalSection(SolutionConfigurationPlatforms) = preSolution
		Debug|Any CPU = Debug|Any CPU
		Release|Any CPU = Release|Any CPU
	EndGlobalSection
	GlobalSection(ProjectConfigurationPlatforms) = postSolution
		{18D5B69C-A404-48E7-AE48-F331149FA339}.Debug|Any CPU.ActiveCfg = Debug|Any CPU
		{18D5B69C-A404-48E7-AE48-F331149FA339}.Debug|Any CPU.Build.0 = Debug|Any CPU
		{18D5B69C-A404-48E7-AE48-F331149FA339}.Release|Any CPU.ActiveCfg = Release|Any CPU
		{18D5B69C-A404-48E7-AE48-F331149FA339}.Release|Any CPU.Build.0 = Release|Any CPU
	EndGlobalSection
EndGlobal
